
Microsoft Visual Studio Solution File, Format Version 12.00
# Visual Studio Version 17
VisualStudioVersion = 17.10.35201.131
MinimumVisualStudioVersion = 10.0.40219.1
Project("{FAE04EC0-301F-11D3-BF4B-00C04F79EFBC}") = "cli", "practicode1\cli.csproj", "{524E086D-BB41-43DA-B722-50203BCCD5F2}"
EndProject
Global
	GlobalSection(SolutionConfigurationPlatforms) = preSolution
		Debug|Any CPU = Debug|Any CPU
		Release|Any CPU = Release|Any CPU
	EndGlobalSection
	GlobalSection(ProjectConfigurationPlatforms) = postSolution
		{524E086D-BB41-43DA-B722-50203BCCD5F2}.Debug|Any CPU.ActiveCfg = Debug|Any CPU
		{524E086D-BB41-43DA-B722-50203BCCD5F2}.Debug|Any CPU.Build.0 = Debug|Any CPU
		{524E086D-BB41-43DA-B722-50203BCCD5F2}.Release|Any CPU.ActiveCfg = Release|Any CPU
		{524E086D-BB41-43DA-B722-50203BCCD5F2}.Release|Any CPU.Build.0 = Release|Any CPU
	EndGlobalSection
	GlobalSection(SolutionProperties) = preSolution
		HideSolutionNode = FALSE
	EndGlobalSection
	GlobalSection(ExtensibilityGlobals) = postSolution
		SolutionGuid = {041E572C-5C88-4520-91D1-200921A036D6}
	EndGlobalSection
EndGlobal
